
Microsoft Visual Studio Solution File, Format Version 12.00
# Visual Studio Version 16
VisualStudioVersion = 16.0.29920.165
MinimumVisualStudioVersion = 10.0.40219.1
Project("{FAE04EC0-301F-11D3-BF4B-00C04F79EFBC}") = "SOD", "ЦДО\SOD.csproj", "{ADC3CECB-BBC4-4E93-8729-0634FBEBE645}"
EndProject
Global
	GlobalSection(SolutionConfigurationPlatforms) = preSolution
		Debug|Any CPU = Debug|Any CPU
		Release|Any CPU = Release|Any CPU
	EndGlobalSection
	GlobalSection(ProjectConfigurationPlatforms) = postSolution
		{ADC3CECB-BBC4-4E93-8729-0634FBEBE645}.Debug|Any CPU.ActiveCfg = Debug|Any CPU
		{ADC3CECB-BBC4-4E93-8729-0634FBEBE645}.Debug|Any CPU.Build.0 = Debug|Any CPU
		{ADC3CECB-BBC4-4E93-8729-0634FBEBE645}.Release|Any CPU.ActiveCfg = Release|Any CPU
		{ADC3CECB-BBC4-4E93-8729-0634FBEBE645}.Release|Any CPU.Build.0 = Release|Any CPU
	EndGlobalSection
	GlobalSection(SolutionProperties) = preSolution
		HideSolutionNode = FALSE
	EndGlobalSection
	GlobalSection(ExtensibilityGlobals) = postSolution
		SolutionGuid = {4433C61F-A975-46CD-A67B-76A693027586}
	EndGlobalSection
EndGlobal
